
Microsoft Visual Studio Solution File, Format Version 12.00
# Visual Studio Version 17
VisualStudioVersion = 17.14.36429.23 d17.14
MinimumVisualStudioVersion = 10.0.40219.1
Project("{FAE04EC0-301F-11D3-BF4B-00C04F79EFBC}") = "MasterDetailWPF", "MasterDetailWPF.csproj", "{368BD980-1FA2-BD54-EBE9-465E2013A822}"
EndProject
Global
	GlobalSection(SolutionConfigurationPlatforms) = preSolution
		Debug|Any CPU = Debug|Any CPU
		Release|Any CPU = Release|Any CPU
	EndGlobalSection
	GlobalSection(ProjectConfigurationPlatforms) = postSolution
		{368BD980-1FA2-BD54-EBE9-465E2013A822}.Debug|Any CPU.ActiveCfg = Debug|Any CPU
		{368BD980-1FA2-BD54-EBE9-465E2013A822}.Debug|Any CPU.Build.0 = Debug|Any CPU
		{368BD980-1FA2-BD54-EBE9-465E2013A822}.Release|Any CPU.ActiveCfg = Release|Any CPU
		{368BD980-1FA2-BD54-EBE9-465E2013A822}.Release|Any CPU.Build.0 = Release|Any CPU
	EndGlobalSection
	GlobalSection(SolutionProperties) = preSolution
		HideSolutionNode = FALSE
	EndGlobalSection
	GlobalSection(ExtensibilityGlobals) = postSolution
		SolutionGuid = {24D2EDBB-5F05-4F49-B725-98B57F8D3368}
	EndGlobalSection
EndGlobal
