
Microsoft Visual Studio Solution File, Format Version 12.00
# Visual Studio Version 17
VisualStudioVersion = 17.14.36518.9 d17.14
MinimumVisualStudioVersion = 10.0.40219.1
Project("{FAE04EC0-301F-11D3-BF4B-00C04F79EFBC}") = "Minihito2", "Minihito2\Minihito2.csproj", "{1F10629E-8383-426C-A825-09816DBF8CED}"
EndProject
Global
	GlobalSection(SolutionConfigurationPlatforms) = preSolution
		Debug|Any CPU = Debug|Any CPU
		Release|Any CPU = Release|Any CPU
	EndGlobalSection
	GlobalSection(ProjectConfigurationPlatforms) = postSolution
		{1F10629E-8383-426C-A825-09816DBF8CED}.Debug|Any CPU.ActiveCfg = Debug|Any CPU
		{1F10629E-8383-426C-A825-09816DBF8CED}.Debug|Any CPU.Build.0 = Debug|Any CPU
		{1F10629E-8383-426C-A825-09816DBF8CED}.Release|Any CPU.ActiveCfg = Release|Any CPU
		{1F10629E-8383-426C-A825-09816DBF8CED}.Release|Any CPU.Build.0 = Release|Any CPU
	EndGlobalSection
	GlobalSection(SolutionProperties) = preSolution
		HideSolutionNode = FALSE
	EndGlobalSection
	GlobalSection(ExtensibilityGlobals) = postSolution
		SolutionGuid = {EC74A61F-8F0F-467B-903A-3009D3C02665}
	EndGlobalSection
EndGlobal
