
Microsoft Visual Studio Solution File, Format Version 12.00
# Visual Studio Version 17
VisualStudioVersion = 17.14.36511.14 d17.14
MinimumVisualStudioVersion = 10.0.40219.1
Project("{FAE04EC0-301F-11D3-BF4B-00C04F79EFBC}") = "EjerciciosBasicos1", "EjerciciosBasicos1\EjerciciosBasicos1.csproj", "{980219EF-B8E7-4834-B1DB-E493611715F7}"
EndProject
Project("{FAE04EC0-301F-11D3-BF4B-00C04F79EFBC}") = "EjerciciosBasicosBuclesControlFlujo", "EjerciciosBasicosBuclesControlFlujo\EjerciciosBasicosBuclesControlFlujo.csproj", "{DFEBA1AC-3749-4307-BAFA-19D88680E3B2}"
EndProject
Project("{FAE04EC0-301F-11D3-BF4B-00C04F79EFBC}") = "EjerciciosBasicosOperacionesMatrices", "EjerciciosBasicosOperacionesMatrices\EjerciciosBasicosOperacionesMatrices.csproj", "{A6561AFE-90C4-4CF3-8DAF-EF10DC18B1A2}"
EndProject
Global
	GlobalSection(SolutionConfigurationPlatforms) = preSolution
		Debug|Any CPU = Debug|Any CPU
		Release|Any CPU = Release|Any CPU
	EndGlobalSection
	GlobalSection(ProjectConfigurationPlatforms) = postSolution
		{980219EF-B8E7-4834-B1DB-E493611715F7}.Debug|Any CPU.ActiveCfg = Debug|Any CPU
		{980219EF-B8E7-4834-B1DB-E493611715F7}.Debug|Any CPU.Build.0 = Debug|Any CPU
		{980219EF-B8E7-4834-B1DB-E493611715F7}.Release|Any CPU.ActiveCfg = Release|Any CPU
		{980219EF-B8E7-4834-B1DB-E493611715F7}.Release|Any CPU.Build.0 = Release|Any CPU
		{DFEBA1AC-3749-4307-BAFA-19D88680E3B2}.Debug|Any CPU.ActiveCfg = Debug|Any CPU
		{DFEBA1AC-3749-4307-BAFA-19D88680E3B2}.Debug|Any CPU.Build.0 = Debug|Any CPU
		{DFEBA1AC-3749-4307-BAFA-19D88680E3B2}.Release|Any CPU.ActiveCfg = Release|Any CPU
		{DFEBA1AC-3749-4307-BAFA-19D88680E3B2}.Release|Any CPU.Build.0 = Release|Any CPU
		{A6561AFE-90C4-4CF3-8DAF-EF10DC18B1A2}.Debug|Any CPU.ActiveCfg = Debug|Any CPU
		{A6561AFE-90C4-4CF3-8DAF-EF10DC18B1A2}.Debug|Any CPU.Build.0 = Debug|Any CPU
		{A6561AFE-90C4-4CF3-8DAF-EF10DC18B1A2}.Release|Any CPU.ActiveCfg = Release|Any CPU
		{A6561AFE-90C4-4CF3-8DAF-EF10DC18B1A2}.Release|Any CPU.Build.0 = Release|Any CPU
	EndGlobalSection
	GlobalSection(SolutionProperties) = preSolution
		HideSolutionNode = FALSE
	EndGlobalSection
	GlobalSection(ExtensibilityGlobals) = postSolution
		SolutionGuid = {4CAEDD8A-2D94-4AB9-9A2C-6400D965BF6C}
	EndGlobalSection
EndGlobal
