
Microsoft Visual Studio Solution File, Format Version 12.00
# Visual Studio Version 17
VisualStudioVersion = 17.14.36511.14
MinimumVisualStudioVersion = 10.0.40219.1
Project("{FAE04EC0-301F-11D3-BF4B-00C04F79EFBC}") = "HolaMundo", "HolaMundo\HolaMundo.csproj", "{8A939892-77FA-4BFD-8A36-85F45D37691E}"
EndProject
Project("{FAE04EC0-301F-11D3-BF4B-00C04F79EFBC}") = "Saludo1", "Saludo1\Saludo1.csproj", "{AD391024-6CC8-4815-ABC7-30D7E78BDD9F}"
EndProject
Global
	GlobalSection(SolutionConfigurationPlatforms) = preSolution
		Debug|Any CPU = Debug|Any CPU
		Release|Any CPU = Release|Any CPU
	EndGlobalSection
	GlobalSection(ProjectConfigurationPlatforms) = postSolution
		{8A939892-77FA-4BFD-8A36-85F45D37691E}.Debug|Any CPU.ActiveCfg = Debug|Any CPU
		{8A939892-77FA-4BFD-8A36-85F45D37691E}.Debug|Any CPU.Build.0 = Debug|Any CPU
		{8A939892-77FA-4BFD-8A36-85F45D37691E}.Release|Any CPU.ActiveCfg = Release|Any CPU
		{8A939892-77FA-4BFD-8A36-85F45D37691E}.Release|Any CPU.Build.0 = Release|Any CPU
		{AD391024-6CC8-4815-ABC7-30D7E78BDD9F}.Debug|Any CPU.ActiveCfg = Debug|Any CPU
		{AD391024-6CC8-4815-ABC7-30D7E78BDD9F}.Debug|Any CPU.Build.0 = Debug|Any CPU
		{AD391024-6CC8-4815-ABC7-30D7E78BDD9F}.Release|Any CPU.ActiveCfg = Release|Any CPU
		{AD391024-6CC8-4815-ABC7-30D7E78BDD9F}.Release|Any CPU.Build.0 = Release|Any CPU
	EndGlobalSection
	GlobalSection(SolutionProperties) = preSolution
		HideSolutionNode = FALSE
	EndGlobalSection
	GlobalSection(ExtensibilityGlobals) = postSolution
		SolutionGuid = {2D183A33-C3B5-4351-AC9C-DCD89A2617D4}
	EndGlobalSection
EndGlobal
