
Microsoft Visual Studio Solution File, Format Version 12.00
# Visual Studio Version 17
VisualStudioVersion = 17.14.36623.8 d17.14
MinimumVisualStudioVersion = 10.0.40219.1
Project("{FAE04EC0-301F-11D3-BF4B-00C04F79EFBC}") = "MasterDetailMySqlTemplate", "MasterDetailMySqlTemplate\MasterDetailMySqlTemplate.csproj", "{22F5E450-A8ED-450C-8B0E-148E0DBE844E}"
EndProject
Global
	GlobalSection(SolutionConfigurationPlatforms) = preSolution
		Debug|Any CPU = Debug|Any CPU
		Release|Any CPU = Release|Any CPU
	EndGlobalSection
	GlobalSection(ProjectConfigurationPlatforms) = postSolution
		{22F5E450-A8ED-450C-8B0E-148E0DBE844E}.Debug|Any CPU.ActiveCfg = Debug|Any CPU
		{22F5E450-A8ED-450C-8B0E-148E0DBE844E}.Debug|Any CPU.Build.0 = Debug|Any CPU
		{22F5E450-A8ED-450C-8B0E-148E0DBE844E}.Release|Any CPU.ActiveCfg = Release|Any CPU
		{22F5E450-A8ED-450C-8B0E-148E0DBE844E}.Release|Any CPU.Build.0 = Release|Any CPU
	EndGlobalSection
	GlobalSection(SolutionProperties) = preSolution
		HideSolutionNode = FALSE
	EndGlobalSection
	GlobalSection(ExtensibilityGlobals) = postSolution
		SolutionGuid = {AB407B8A-A7AB-405C-9543-5653B3375930}
	EndGlobalSection
EndGlobal
