
Microsoft Visual Studio Solution File, Format Version 12.00
# Visual Studio Version 17
VisualStudioVersion = 17.14.36623.8 d17.14
MinimumVisualStudioVersion = 10.0.40219.1
Project("{FAE04EC0-301F-11D3-BF4B-00C04F79EFBC}") = "ApiJsonTemplate", "ApiJsonTemplate\ApiJsonTemplate.csproj", "{CED546F5-24C2-4C76-BF81-A2544448D3B2}"
EndProject
Global
	GlobalSection(SolutionConfigurationPlatforms) = preSolution
		Debug|Any CPU = Debug|Any CPU
		Release|Any CPU = Release|Any CPU
	EndGlobalSection
	GlobalSection(ProjectConfigurationPlatforms) = postSolution
		{CED546F5-24C2-4C76-BF81-A2544448D3B2}.Debug|Any CPU.ActiveCfg = Debug|Any CPU
		{CED546F5-24C2-4C76-BF81-A2544448D3B2}.Debug|Any CPU.Build.0 = Debug|Any CPU
		{CED546F5-24C2-4C76-BF81-A2544448D3B2}.Release|Any CPU.ActiveCfg = Release|Any CPU
		{CED546F5-24C2-4C76-BF81-A2544448D3B2}.Release|Any CPU.Build.0 = Release|Any CPU
	EndGlobalSection
	GlobalSection(SolutionProperties) = preSolution
		HideSolutionNode = FALSE
	EndGlobalSection
	GlobalSection(ExtensibilityGlobals) = postSolution
		SolutionGuid = {A8E1F027-22C6-4274-B27C-17B298CEBDF8}
	EndGlobalSection
EndGlobal
